
Microsoft Visual Studio Solution File, Format Version 12.00
# Visual Studio Version 17
VisualStudioVersion = 17.0.31903.59
MinimumVisualStudioVersion = 10.0.40219.1
Project("{FAE04EC0-301F-11D3-BF4B-00C04F79EFBC}") = "API", "API\API.csproj", "{C6A36E34-19FA-4CB0-B3D0-E4632CB614B8}"
EndProject
Project("{FAE04EC0-301F-11D3-BF4B-00C04F79EFBC}") = "Application", "Application\Application.csproj", "{4E1C69D5-1EAB-459C-9C50-30C721100A30}"
EndProject
Project("{FAE04EC0-301F-11D3-BF4B-00C04F79EFBC}") = "Domain", "Domain\Domain.csproj", "{026FCC06-D2B8-4A67-AC7C-04A058F73385}"
EndProject
Project("{FAE04EC0-301F-11D3-BF4B-00C04F79EFBC}") = "Persistence", "Persistence\Persistence.csproj", "{FF760406-AC3A-406D-B514-775FBF5E1A9A}"
EndProject
Global
	GlobalSection(SolutionConfigurationPlatforms) = preSolution
		Debug|Any CPU = Debug|Any CPU
		Debug|x64 = Debug|x64
		Debug|x86 = Debug|x86
		Release|Any CPU = Release|Any CPU
		Release|x64 = Release|x64
		Release|x86 = Release|x86
	EndGlobalSection
	GlobalSection(ProjectConfigurationPlatforms) = postSolution
		{C6A36E34-19FA-4CB0-B3D0-E4632CB614B8}.Debug|Any CPU.ActiveCfg = Debug|Any CPU
		{C6A36E34-19FA-4CB0-B3D0-E4632CB614B8}.Debug|Any CPU.Build.0 = Debug|Any CPU
		{C6A36E34-19FA-4CB0-B3D0-E4632CB614B8}.Debug|x64.ActiveCfg = Debug|Any CPU
		{C6A36E34-19FA-4CB0-B3D0-E4632CB614B8}.Debug|x64.Build.0 = Debug|Any CPU
		{C6A36E34-19FA-4CB0-B3D0-E4632CB614B8}.Debug|x86.ActiveCfg = Debug|Any CPU
		{C6A36E34-19FA-4CB0-B3D0-E4632CB614B8}.Debug|x86.Build.0 = Debug|Any CPU
		{C6A36E34-19FA-4CB0-B3D0-E4632CB614B8}.Release|Any CPU.ActiveCfg = Release|Any CPU
		{C6A36E34-19FA-4CB0-B3D0-E4632CB614B8}.Release|Any CPU.Build.0 = Release|Any CPU
		{C6A36E34-19FA-4CB0-B3D0-E4632CB614B8}.Release|x64.ActiveCfg = Release|Any CPU
		{C6A36E34-19FA-4CB0-B3D0-E4632CB614B8}.Release|x64.Build.0 = Release|Any CPU
		{C6A36E34-19FA-4CB0-B3D0-E4632CB614B8}.Release|x86.ActiveCfg = Release|Any CPU
		{C6A36E34-19FA-4CB0-B3D0-E4632CB614B8}.Release|x86.Build.0 = Release|Any CPU
		{4E1C69D5-1EAB-459C-9C50-30C721100A30}.Debug|Any CPU.ActiveCfg = Debug|Any CPU
		{4E1C69D5-1EAB-459C-9C50-30C721100A30}.Debug|Any CPU.Build.0 = Debug|Any CPU
		{4E1C69D5-1EAB-459C-9C50-30C721100A30}.Debug|x64.ActiveCfg = Debug|Any CPU
		{4E1C69D5-1EAB-459C-9C50-30C721100A30}.Debug|x64.Build.0 = Debug|Any CPU
		{4E1C69D5-1EAB-459C-9C50-30C721100A30}.Debug|x86.ActiveCfg = Debug|Any CPU
		{4E1C69D5-1EAB-459C-9C50-30C721100A30}.Debug|x86.Build.0 = Debug|Any CPU
		{4E1C69D5-1EAB-459C-9C50-30C721100A30}.Release|Any CPU.ActiveCfg = Release|Any CPU
		{4E1C69D5-1EAB-459C-9C50-30C721100A30}.Release|Any CPU.Build.0 = Release|Any CPU
		{4E1C69D5-1EAB-459C-9C50-30C721100A30}.Release|x64.ActiveCfg = Release|Any CPU
		{4E1C69D5-1EAB-459C-9C50-30C721100A30}.Release|x64.Build.0 = Release|Any CPU
		{4E1C69D5-1EAB-459C-9C50-30C721100A30}.Release|x86.ActiveCfg = Release|Any CPU
		{4E1C69D5-1EAB-459C-9C50-30C721100A30}.Release|x86.Build.0 = Release|Any CPU
		{026FCC06-D2B8-4A67-AC7C-04A058F73385}.Debug|Any CPU.ActiveCfg = Debug|Any CPU
		{026FCC06-D2B8-4A67-AC7C-04A058F73385}.Debug|Any CPU.Build.0 = Debug|Any CPU
		{026FCC06-D2B8-4A67-AC7C-04A058F73385}.Debug|x64.ActiveCfg = Debug|Any CPU
		{026FCC06-D2B8-4A67-AC7C-04A058F73385}.Debug|x64.Build.0 = Debug|Any CPU
		{026FCC06-D2B8-4A67-AC7C-04A058F73385}.Debug|x86.ActiveCfg = Debug|Any CPU
		{026FCC06-D2B8-4A67-AC7C-04A058F73385}.Debug|x86.Build.0 = Debug|Any CPU
		{026FCC06-D2B8-4A67-AC7C-04A058F73385}.Release|Any CPU.ActiveCfg = Release|Any CPU
		{026FCC06-D2B8-4A67-AC7C-04A058F73385}.Release|Any CPU.Build.0 = Release|Any CPU
		{026FCC06-D2B8-4A67-AC7C-04A058F73385}.Release|x64.ActiveCfg = Release|Any CPU
		{026FCC06-D2B8-4A67-AC7C-04A058F73385}.Release|x64.Build.0 = Release|Any CPU
		{026FCC06-D2B8-4A67-AC7C-04A058F73385}.Release|x86.ActiveCfg = Release|Any CPU
		{026FCC06-D2B8-4A67-AC7C-04A058F73385}.Release|x86.Build.0 = Release|Any CPU
		{FF760406-AC3A-406D-B514-775FBF5E1A9A}.Debug|Any CPU.ActiveCfg = Debug|Any CPU
		{FF760406-AC3A-406D-B514-775FBF5E1A9A}.Debug|Any CPU.Build.0 = Debug|Any CPU
		{FF760406-AC3A-406D-B514-775FBF5E1A9A}.Debug|x64.ActiveCfg = Debug|Any CPU
		{FF760406-AC3A-406D-B514-775FBF5E1A9A}.Debug|x64.Build.0 = Debug|Any CPU
		{FF760406-AC3A-406D-B514-775FBF5E1A9A}.Debug|x86.ActiveCfg = Debug|Any CPU
		{FF760406-AC3A-406D-B514-775FBF5E1A9A}.Debug|x86.Build.0 = Debug|Any CPU
		{FF760406-AC3A-406D-B514-775FBF5E1A9A}.Release|Any CPU.ActiveCfg = Release|Any CPU
		{FF760406-AC3A-406D-B514-775FBF5E1A9A}.Release|Any CPU.Build.0 = Release|Any CPU
		{FF760406-AC3A-406D-B514-775FBF5E1A9A}.Release|x64.ActiveCfg = Release|Any CPU
		{FF760406-AC3A-406D-B514-775FBF5E1A9A}.Release|x64.Build.0 = Release|Any CPU
		{FF760406-AC3A-406D-B514-775FBF5E1A9A}.Release|x86.ActiveCfg = Release|Any CPU
		{FF760406-AC3A-406D-B514-775FBF5E1A9A}.Release|x86.Build.0 = Release|Any CPU
	EndGlobalSection
	GlobalSection(SolutionProperties) = preSolution
		HideSolutionNode = FALSE
	EndGlobalSection
EndGlobal
